
Microsoft Visual Studio Solution File, Format Version 12.00
# Visual Studio Version 17
VisualStudioVersion = 17.11.35327.3
MinimumVisualStudioVersion = 10.0.40219.1
Project("{FAE04EC0-301F-11D3-BF4B-00C04F79EFBC}") = "FirstReact.Server", "FirstReact.Server\FirstReact.Server.csproj", "{C923B3A5-0725-45A9-BAFB-47C16F3862DE}"
EndProject
Project("{54A90642-561A-4BB1-A94E-469ADEE60C69}") = "firstreact.client", "firstreact.client\firstreact.client.esproj", "{09462ED1-FB51-4D5F-888C-B255FB5321C8}"
EndProject
Global
	GlobalSection(SolutionConfigurationPlatforms) = preSolution
		Debug|Any CPU = Debug|Any CPU
		Release|Any CPU = Release|Any CPU
	EndGlobalSection
	GlobalSection(ProjectConfigurationPlatforms) = postSolution
		{C923B3A5-0725-45A9-BAFB-47C16F3862DE}.Debug|Any CPU.ActiveCfg = Debug|Any CPU
		{C923B3A5-0725-45A9-BAFB-47C16F3862DE}.Debug|Any CPU.Build.0 = Debug|Any CPU
		{C923B3A5-0725-45A9-BAFB-47C16F3862DE}.Release|Any CPU.ActiveCfg = Release|Any CPU
		{C923B3A5-0725-45A9-BAFB-47C16F3862DE}.Release|Any CPU.Build.0 = Release|Any CPU
		{09462ED1-FB51-4D5F-888C-B255FB5321C8}.Debug|Any CPU.ActiveCfg = Debug|Any CPU
		{09462ED1-FB51-4D5F-888C-B255FB5321C8}.Debug|Any CPU.Build.0 = Debug|Any CPU
		{09462ED1-FB51-4D5F-888C-B255FB5321C8}.Debug|Any CPU.Deploy.0 = Debug|Any CPU
		{09462ED1-FB51-4D5F-888C-B255FB5321C8}.Release|Any CPU.ActiveCfg = Release|Any CPU
		{09462ED1-FB51-4D5F-888C-B255FB5321C8}.Release|Any CPU.Build.0 = Release|Any CPU
		{09462ED1-FB51-4D5F-888C-B255FB5321C8}.Release|Any CPU.Deploy.0 = Release|Any CPU
	EndGlobalSection
	GlobalSection(SolutionProperties) = preSolution
		HideSolutionNode = FALSE
	EndGlobalSection
	GlobalSection(ExtensibilityGlobals) = postSolution
		SolutionGuid = {A9582FF6-B8F1-4008-B1C2-053704EC027B}
	EndGlobalSection
EndGlobal
